
Microsoft Visual Studio Solution File, Format Version 12.00
# Visual Studio Version 17
VisualStudioVersion = 17.5.002.0
MinimumVisualStudioVersion = 10.0.40219.1
Project("{9A19103F-16F7-4668-BE54-9A1E7A4F7556}") = "Piggyzen.Web", "Piggyzen.Web.csproj", "{BA94283B-E01D-466A-B7E8-19BE9EB635E4}"
EndProject
Global
	GlobalSection(SolutionConfigurationPlatforms) = preSolution
		Debug|Any CPU = Debug|Any CPU
		Release|Any CPU = Release|Any CPU
	EndGlobalSection
	GlobalSection(ProjectConfigurationPlatforms) = postSolution
		{BA94283B-E01D-466A-B7E8-19BE9EB635E4}.Debug|Any CPU.ActiveCfg = Debug|Any CPU
		{BA94283B-E01D-466A-B7E8-19BE9EB635E4}.Debug|Any CPU.Build.0 = Debug|Any CPU
		{BA94283B-E01D-466A-B7E8-19BE9EB635E4}.Release|Any CPU.ActiveCfg = Release|Any CPU
		{BA94283B-E01D-466A-B7E8-19BE9EB635E4}.Release|Any CPU.Build.0 = Release|Any CPU
	EndGlobalSection
	GlobalSection(SolutionProperties) = preSolution
		HideSolutionNode = FALSE
	EndGlobalSection
	GlobalSection(ExtensibilityGlobals) = postSolution
		SolutionGuid = {57CB2F6A-CA67-4B9F-8066-0FF88F05AA70}
	EndGlobalSection
EndGlobal
